
Microsoft Visual Studio Solution File, Format Version 12.00
# Visual Studio Version 16
VisualStudioVersion = 16.0.30413.136
MinimumVisualStudioVersion = 10.0.40219.1
Project("{FAE04EC0-301F-11D3-BF4B-00C04F79EFBC}") = "Bubbblesort", "Bubbblesort\Bubbblesort.csproj", "{99A3B084-BFEA-4EF0-84F0-9CF0749F358B}"
EndProject
Global
	GlobalSection(SolutionConfigurationPlatforms) = preSolution
		Debug|Any CPU = Debug|Any CPU
		Release|Any CPU = Release|Any CPU
	EndGlobalSection
	GlobalSection(ProjectConfigurationPlatforms) = postSolution
		{99A3B084-BFEA-4EF0-84F0-9CF0749F358B}.Debug|Any CPU.ActiveCfg = Debug|Any CPU
		{99A3B084-BFEA-4EF0-84F0-9CF0749F358B}.Debug|Any CPU.Build.0 = Debug|Any CPU
		{99A3B084-BFEA-4EF0-84F0-9CF0749F358B}.Release|Any CPU.ActiveCfg = Release|Any CPU
		{99A3B084-BFEA-4EF0-84F0-9CF0749F358B}.Release|Any CPU.Build.0 = Release|Any CPU
	EndGlobalSection
	GlobalSection(SolutionProperties) = preSolution
		HideSolutionNode = FALSE
	EndGlobalSection
	GlobalSection(ExtensibilityGlobals) = postSolution
		SolutionGuid = {6FD5A828-FA80-45D7-868C-AB60F794B4AE}
	EndGlobalSection
EndGlobal
